
Microsoft Visual Studio Solution File, Format Version 12.00
# Visual Studio 15
VisualStudioVersion = 15.0.26430.12
MinimumVisualStudioVersion = 10.0.40219.1
Project("{FAE04EC0-301F-11D3-BF4B-00C04F79EFBC}") = "View", "Tanks\View.csproj", "{37F881D9-7B42-43F4-9A21-CF532A606490}"
EndProject
Project("{FAE04EC0-301F-11D3-BF4B-00C04F79EFBC}") = "Model", "Model\Model.csproj", "{5DD4E0C9-E0A1-473E-A903-1D1853707773}"
EndProject
Project("{FAE04EC0-301F-11D3-BF4B-00C04F79EFBC}") = "Controller", "Controller\Controller.csproj", "{C1A0DDF0-EC90-4CA6-8365-3E8943D800B4}"
EndProject
Global
	GlobalSection(SolutionConfigurationPlatforms) = preSolution
		Debug|Any CPU = Debug|Any CPU
		Release|Any CPU = Release|Any CPU
	EndGlobalSection
	GlobalSection(ProjectConfigurationPlatforms) = postSolution
		{37F881D9-7B42-43F4-9A21-CF532A606490}.Debug|Any CPU.ActiveCfg = Debug|Any CPU
		{37F881D9-7B42-43F4-9A21-CF532A606490}.Debug|Any CPU.Build.0 = Debug|Any CPU
		{37F881D9-7B42-43F4-9A21-CF532A606490}.Release|Any CPU.ActiveCfg = Release|Any CPU
		{37F881D9-7B42-43F4-9A21-CF532A606490}.Release|Any CPU.Build.0 = Release|Any CPU
		{5DD4E0C9-E0A1-473E-A903-1D1853707773}.Debug|Any CPU.ActiveCfg = Debug|Any CPU
		{5DD4E0C9-E0A1-473E-A903-1D1853707773}.Debug|Any CPU.Build.0 = Debug|Any CPU
		{5DD4E0C9-E0A1-473E-A903-1D1853707773}.Release|Any CPU.ActiveCfg = Release|Any CPU
		{5DD4E0C9-E0A1-473E-A903-1D1853707773}.Release|Any CPU.Build.0 = Release|Any CPU
		{C1A0DDF0-EC90-4CA6-8365-3E8943D800B4}.Debug|Any CPU.ActiveCfg = Debug|Any CPU
		{C1A0DDF0-EC90-4CA6-8365-3E8943D800B4}.Debug|Any CPU.Build.0 = Debug|Any CPU
		{C1A0DDF0-EC90-4CA6-8365-3E8943D800B4}.Release|Any CPU.ActiveCfg = Release|Any CPU
		{C1A0DDF0-EC90-4CA6-8365-3E8943D800B4}.Release|Any CPU.Build.0 = Release|Any CPU
	EndGlobalSection
	GlobalSection(SolutionProperties) = preSolution
		HideSolutionNode = FALSE
	EndGlobalSection
EndGlobal
